
Microsoft Visual Studio Solution File, Format Version 12.00
# Visual Studio Version 17
VisualStudioVersion = 17.13.35825.156
MinimumVisualStudioVersion = 10.0.40219.1
Project("{FAE04EC0-301F-11D3-BF4B-00C04F79EFBC}") = "FA.Domain", "FA.Domain\FA.Domain.csproj", "{600D5782-1B2A-44E4-9D47-5132167C3E1A}"
EndProject
Project("{FAE04EC0-301F-11D3-BF4B-00C04F79EFBC}") = "FA.Infrastructure", "FA.Infrastructure\FA.Infrastructure.csproj", "{299B01E9-72C7-427D-9B59-CA11AD67FA06}"
EndProject
Project("{FAE04EC0-301F-11D3-BF4B-00C04F79EFBC}") = "WebApi", "WebApi\WebApi.csproj", "{CD59100F-D4C0-47CB-B21F-D9CA3CDC337B}"
EndProject
Project("{FAE04EC0-301F-11D3-BF4B-00C04F79EFBC}") = "FA.Application", "FA.Application\FA.Application.csproj", "{F0284075-4FC2-4EA8-8C14-D3EC1B662857}"
EndProject
Project("{FAE04EC0-301F-11D3-BF4B-00C04F79EFBC}") = "WebApp", "WebApp\WebApp.csproj", "{7CEB49C5-9B17-4639-9590-9142E4095071}"
EndProject
Global
	GlobalSection(SolutionConfigurationPlatforms) = preSolution
		Debug|Any CPU = Debug|Any CPU
		Release|Any CPU = Release|Any CPU
	EndGlobalSection
	GlobalSection(ProjectConfigurationPlatforms) = postSolution
		{600D5782-1B2A-44E4-9D47-5132167C3E1A}.Debug|Any CPU.ActiveCfg = Debug|Any CPU
		{600D5782-1B2A-44E4-9D47-5132167C3E1A}.Debug|Any CPU.Build.0 = Debug|Any CPU
		{600D5782-1B2A-44E4-9D47-5132167C3E1A}.Release|Any CPU.ActiveCfg = Release|Any CPU
		{600D5782-1B2A-44E4-9D47-5132167C3E1A}.Release|Any CPU.Build.0 = Release|Any CPU
		{299B01E9-72C7-427D-9B59-CA11AD67FA06}.Debug|Any CPU.ActiveCfg = Debug|Any CPU
		{299B01E9-72C7-427D-9B59-CA11AD67FA06}.Debug|Any CPU.Build.0 = Debug|Any CPU
		{299B01E9-72C7-427D-9B59-CA11AD67FA06}.Release|Any CPU.ActiveCfg = Release|Any CPU
		{299B01E9-72C7-427D-9B59-CA11AD67FA06}.Release|Any CPU.Build.0 = Release|Any CPU
		{CD59100F-D4C0-47CB-B21F-D9CA3CDC337B}.Debug|Any CPU.ActiveCfg = Debug|Any CPU
		{CD59100F-D4C0-47CB-B21F-D9CA3CDC337B}.Debug|Any CPU.Build.0 = Debug|Any CPU
		{CD59100F-D4C0-47CB-B21F-D9CA3CDC337B}.Release|Any CPU.ActiveCfg = Release|Any CPU
		{CD59100F-D4C0-47CB-B21F-D9CA3CDC337B}.Release|Any CPU.Build.0 = Release|Any CPU
		{F0284075-4FC2-4EA8-8C14-D3EC1B662857}.Debug|Any CPU.ActiveCfg = Debug|Any CPU
		{F0284075-4FC2-4EA8-8C14-D3EC1B662857}.Debug|Any CPU.Build.0 = Debug|Any CPU
		{F0284075-4FC2-4EA8-8C14-D3EC1B662857}.Release|Any CPU.ActiveCfg = Release|Any CPU
		{F0284075-4FC2-4EA8-8C14-D3EC1B662857}.Release|Any CPU.Build.0 = Release|Any CPU
		{7CEB49C5-9B17-4639-9590-9142E4095071}.Debug|Any CPU.ActiveCfg = Debug|Any CPU
		{7CEB49C5-9B17-4639-9590-9142E4095071}.Debug|Any CPU.Build.0 = Debug|Any CPU
		{7CEB49C5-9B17-4639-9590-9142E4095071}.Release|Any CPU.ActiveCfg = Release|Any CPU
		{7CEB49C5-9B17-4639-9590-9142E4095071}.Release|Any CPU.Build.0 = Release|Any CPU
	EndGlobalSection
	GlobalSection(SolutionProperties) = preSolution
		HideSolutionNode = FALSE
	EndGlobalSection
	GlobalSection(ExtensibilityGlobals) = postSolution
		SolutionGuid = {E763C15F-F2F5-494E-872E-B95F92E9A7B3}
	EndGlobalSection
EndGlobal
